// !$*UTF8*$!
{
	archiveVersion = 1;
	classes = {
	};
	objectVersion = 46;
	objects = {

/* Begin PBXBuildFile section */
		C393737E378E2F1DBF3B76E3 /* libPods-YouguRead.a in Frameworks */ = {isa = PBXBuildFile; fileRef = 3E9ACBC7C5B00C45889886B4 /* libPods-YouguRead.a */; };
		D82045D31F7279FA00C6E306 /* main.m in Sources */ = {isa = PBXBuildFile; fileRef = D82045D21F7279FA00C6E306 /* main.m */; };
		D82045EC1F7279FA00C6E306 /* YouguReadTests.m in Sources */ = {isa = PBXBuildFile; fileRef = D82045EB1F7279FA00C6E306 /* YouguReadTests.m */; };
		D82045F71F7279FA00C6E306 /* YouguReadUITests.m in Sources */ = {isa = PBXBuildFile; fileRef = D82045F61F7279FA00C6E306 /* YouguReadUITests.m */; };
		D8D6A3781F738CD4003C098C /* YGBookShelfController.m in Sources */ = {isa = PBXBuildFile; fileRef = D8D6A3771F738CD4003C098C /* YGBookShelfController.m */; };
		D8D6A37B1F738CE9003C098C /* YGBookStoreController.m in Sources */ = {isa = PBXBuildFile; fileRef = D8D6A37A1F738CE9003C098C /* YGBookStoreController.m */; };
		D8D6A37E1F738CFC003C098C /* YGMineController.m in Sources */ = {isa = PBXBuildFile; fileRef = D8D6A37D1F738CFC003C098C /* YGMineController.m */; };
		D8D6A3811F738D2D003C098C /* YGBaseViewController.m in Sources */ = {isa = PBXBuildFile; fileRef = D8D6A3801F738D2D003C098C /* YGBaseViewController.m */; };
		D8D6A3841F738E83003C098C /* YGBaseNavigationController.m in Sources */ = {isa = PBXBuildFile; fileRef = D8D6A3831F738E83003C098C /* YGBaseNavigationController.m */; };
		D8D6A38E1F73A17E003C098C /* AppDelegate.m in Sources */ = {isa = PBXBuildFile; fileRef = D8D6A3881F73A17E003C098C /* AppDelegate.m */; };
		D8D6A38F1F73A17E003C098C /* Assets.xcassets in Resources */ = {isa = PBXBuildFile; fileRef = D8D6A3891F73A17E003C098C /* Assets.xcassets */; };
		D8D6A3901F73A17E003C098C /* LaunchScreen.storyboard in Resources */ = {isa = PBXBuildFile; fileRef = D8D6A38A1F73A17E003C098C /* LaunchScreen.storyboard */; };
		D8D6A3911F73A17E003C098C /* Main.storyboard in Resources */ = {isa = PBXBuildFile; fileRef = D8D6A38C1F73A17E003C098C /* Main.storyboard */; };
		D8DBB6A91F737B4A0077DA8E /* YGTabBarController.m in Sources */ = {isa = PBXBuildFile; fileRef = D8DBB6A81F737B4A0077DA8E /* YGTabBarController.m */; };
		D8DBB6AC1F737CFB0077DA8E /* YGTabBarControllerConfig.m in Sources */ = {isa = PBXBuildFile; fileRef = D8DBB6AB1F737CFB0077DA8E /* YGTabBarControllerConfig.m */; };
/* End PBXBuildFile section */

/* Begin PBXContainerItemProxy section */
		D82045E81F7279FA00C6E306 /* PBXContainerItemProxy */ = {
			isa = PBXContainerItemProxy;
			containerPortal = D82045C61F7279FA00C6E306 /* Project object */;
			proxyType = 1;
			remoteGlobalIDString = D82045CD1F7279FA00C6E306;
			remoteInfo = YouguRead;
		};
		D82045F31F7279FA00C6E306 /* PBXContainerItemProxy */ = {
			isa = PBXContainerItemProxy;
			containerPortal = D82045C61F7279FA00C6E306 /* Project object */;
			proxyType = 1;
			remoteGlobalIDString = D82045CD1F7279FA00C6E306;
			remoteInfo = YouguRead;
		};
/* End PBXContainerItemProxy section */

/* Begin PBXFileReference section */
		3E9ACBC7C5B00C45889886B4 /* libPods-YouguRead.a */ = {isa = PBXFileReference; explicitFileType = archive.ar; includeInIndex = 0; path = "libPods-YouguRead.a"; sourceTree = BUILT_PRODUCTS_DIR; };
		6E46F23C5FFA83C23D1CD9D9 /* Pods-YouguRead.release.xcconfig */ = {isa = PBXFileReference; includeInIndex = 1; lastKnownFileType = text.xcconfig; name = "Pods-YouguRead.release.xcconfig"; path = "Pods/Target Support Files/Pods-YouguRead/Pods-YouguRead.release.xcconfig"; sourceTree = "<group>"; };
		D82045CE1F7279FA00C6E306 /* YouguRead.app */ = {isa = PBXFileReference; explicitFileType = wrapper.application; includeInIndex = 0; path = YouguRead.app; sourceTree = BUILT_PRODUCTS_DIR; };
		D82045D21F7279FA00C6E306 /* main.m */ = {isa = PBXFileReference; lastKnownFileType = sourcecode.c.objc; path = main.m; sourceTree = "<group>"; };
		D82045E21F7279FA00C6E306 /* Info.plist */ = {isa = PBXFileReference; lastKnownFileType = text.plist.xml; path = Info.plist; sourceTree = "<group>"; };
		D82045E71F7279FA00C6E306 /* YouguReadTests.xctest */ = {isa = PBXFileReference; explicitFileType = wrapper.cfbundle; includeInIndex = 0; path = YouguReadTests.xctest; sourceTree = BUILT_PRODUCTS_DIR; };
		D82045EB1F7279FA00C6E306 /* YouguReadTests.m */ = {isa = PBXFileReference; lastKnownFileType = sourcecode.c.objc; path = YouguReadTests.m; sourceTree = "<group>"; };
		D82045ED1F7279FA00C6E306 /* Info.plist */ = {isa = PBXFileReference; lastKnownFileType = text.plist.xml; path = Info.plist; sourceTree = "<group>"; };
		D82045F21F7279FA00C6E306 /* YouguReadUITests.xctest */ = {isa = PBXFileReference; explicitFileType = wrapper.cfbundle; includeInIndex = 0; path = YouguReadUITests.xctest; sourceTree = BUILT_PRODUCTS_DIR; };
		D82045F61F7279FA00C6E306 /* YouguReadUITests.m */ = {isa = PBXFileReference; lastKnownFileType = sourcecode.c.objc; path = YouguReadUITests.m; sourceTree = "<group>"; };
		D82045F81F7279FA00C6E306 /* Info.plist */ = {isa = PBXFileReference; lastKnownFileType = text.plist.xml; path = Info.plist; sourceTree = "<group>"; };
		D8D6A3761F738CD4003C098C /* YGBookShelfController.h */ = {isa = PBXFileReference; fileEncoding = 4; lastKnownFileType = sourcecode.c.h; path = YGBookShelfController.h; sourceTree = "<group>"; };
		D8D6A3771F738CD4003C098C /* YGBookShelfController.m */ = {isa = PBXFileReference; fileEncoding = 4; lastKnownFileType = sourcecode.c.objc; path = YGBookShelfController.m; sourceTree = "<group>"; };
		D8D6A3791F738CE9003C098C /* YGBookStoreController.h */ = {isa = PBXFileReference; fileEncoding = 4; lastKnownFileType = sourcecode.c.h; path = YGBookStoreController.h; sourceTree = "<group>"; };
		D8D6A37A1F738CE9003C098C /* YGBookStoreController.m */ = {isa = PBXFileReference; fileEncoding = 4; lastKnownFileType = sourcecode.c.objc; path = YGBookStoreController.m; sourceTree = "<group>"; };
		D8D6A37C1F738CFC003C098C /* YGMineController.h */ = {isa = PBXFileReference; fileEncoding = 4; lastKnownFileType = sourcecode.c.h; path = YGMineController.h; sourceTree = "<group>"; };
		D8D6A37D1F738CFC003C098C /* YGMineController.m */ = {isa = PBXFileReference; fileEncoding = 4; lastKnownFileType = sourcecode.c.objc; path = YGMineController.m; sourceTree = "<group>"; };
		D8D6A37F1F738D2D003C098C /* YGBaseViewController.h */ = {isa = PBXFileReference; fileEncoding = 4; lastKnownFileType = sourcecode.c.h; path = YGBaseViewController.h; sourceTree = "<group>"; };
		D8D6A3801F738D2D003C098C /* YGBaseViewController.m */ = {isa = PBXFileReference; fileEncoding = 4; lastKnownFileType = sourcecode.c.objc; path = YGBaseViewController.m; sourceTree = "<group>"; };
		D8D6A3821F738E83003C098C /* YGBaseNavigationController.h */ = {isa = PBXFileReference; fileEncoding = 4; lastKnownFileType = sourcecode.c.h; path = YGBaseNavigationController.h; sourceTree = "<group>"; };
		D8D6A3831F738E83003C098C /* YGBaseNavigationController.m */ = {isa = PBXFileReference; fileEncoding = 4; lastKnownFileType = sourcecode.c.objc; path = YGBaseNavigationController.m; sourceTree = "<group>"; };
		D8D6A3871F73A17E003C098C /* AppDelegate.h */ = {isa = PBXFileReference; fileEncoding = 4; lastKnownFileType = sourcecode.c.h; path = AppDelegate.h; sourceTree = "<group>"; };
		D8D6A3881F73A17E003C098C /* AppDelegate.m */ = {isa = PBXFileReference; fileEncoding = 4; lastKnownFileType = sourcecode.c.objc; path = AppDelegate.m; sourceTree = "<group>"; };
		D8D6A3891F73A17E003C098C /* Assets.xcassets */ = {isa = PBXFileReference; lastKnownFileType = folder.assetcatalog; path = Assets.xcassets; sourceTree = "<group>"; };
		D8D6A38B1F73A17E003C098C /* Base */ = {isa = PBXFileReference; lastKnownFileType = file.storyboard; name = Base; path = Base.lproj/LaunchScreen.storyboard; sourceTree = "<group>"; };
		D8D6A38D1F73A17E003C098C /* Base */ = {isa = PBXFileReference; lastKnownFileType = file.storyboard; name = Base; path = Base.lproj/Main.storyboard; sourceTree = "<group>"; };
		D8DBB6A71F737B4A0077DA8E /* YGTabBarController.h */ = {isa = PBXFileReference; fileEncoding = 4; lastKnownFileType = sourcecode.c.h; path = YGTabBarController.h; sourceTree = "<group>"; };
		D8DBB6A81F737B4A0077DA8E /* YGTabBarController.m */ = {isa = PBXFileReference; fileEncoding = 4; lastKnownFileType = sourcecode.c.objc; path = YGTabBarController.m; sourceTree = "<group>"; };
		D8DBB6AA1F737CFB0077DA8E /* YGTabBarControllerConfig.h */ = {isa = PBXFileReference; fileEncoding = 4; lastKnownFileType = sourcecode.c.h; path = YGTabBarControllerConfig.h; sourceTree = "<group>"; };
		D8DBB6AB1F737CFB0077DA8E /* YGTabBarControllerConfig.m */ = {isa = PBXFileReference; fileEncoding = 4; lastKnownFileType = sourcecode.c.objc; path = YGTabBarControllerConfig.m; sourceTree = "<group>"; };
		D8DBB6AD1F737D480077DA8E /* YGPrefixHeader.pch */ = {isa = PBXFileReference; fileEncoding = 4; lastKnownFileType = sourcecode.c.h; path = YGPrefixHeader.pch; sourceTree = "<group>"; };
		E0BD09EFF6DC7E589CC25F39 /* Pods-YouguRead.debug.xcconfig */ = {isa = PBXFileReference; includeInIndex = 1; lastKnownFileType = text.xcconfig; name = "Pods-YouguRead.debug.xcconfig"; path = "Pods/Target Support Files/Pods-YouguRead/Pods-YouguRead.debug.xcconfig"; sourceTree = "<group>"; };
/* End PBXFileReference section */

/* Begin PBXFrameworksBuildPhase section */
		D82045CB1F7279FA00C6E306 /* Frameworks */ = {
			isa = PBXFrameworksBuildPhase;
			buildActionMask = 2147483647;
			files = (
				C393737E378E2F1DBF3B76E3 /* libPods-YouguRead.a in Frameworks */,
			);
			runOnlyForDeploymentPostprocessing = 0;
		};
		D82045E41F7279FA00C6E306 /* Frameworks */ = {
			isa = PBXFrameworksBuildPhase;
			buildActionMask = 2147483647;
			files = (
			);
			runOnlyForDeploymentPostprocessing = 0;
		};
		D82045EF1F7279FA00C6E306 /* Frameworks */ = {
			isa = PBXFrameworksBuildPhase;
			buildActionMask = 2147483647;
			files = (
			);
			runOnlyForDeploymentPostprocessing = 0;
		};
/* End PBXFrameworksBuildPhase section */

/* Begin PBXGroup section */
		7006D9E1A813DA938E602A71 /* Pods */ = {
			isa = PBXGroup;
			children = (
				E0BD09EFF6DC7E589CC25F39 /* Pods-YouguRead.debug.xcconfig */,
				6E46F23C5FFA83C23D1CD9D9 /* Pods-YouguRead.release.xcconfig */,
			);
			name = Pods;
			sourceTree = "<group>";
		};
		C27864BF5D385A7BDE030EC5 /* Frameworks */ = {
			isa = PBXGroup;
			children = (
				3E9ACBC7C5B00C45889886B4 /* libPods-YouguRead.a */,
			);
			name = Frameworks;
			sourceTree = "<group>";
		};
		D82045C51F7279FA00C6E306 = {
			isa = PBXGroup;
			children = (
				D82045D01F7279FA00C6E306 /* YouguRead */,
				D82045EA1F7279FA00C6E306 /* YouguReadTests */,
				D82045F51F7279FA00C6E306 /* YouguReadUITests */,
				D82045CF1F7279FA00C6E306 /* Products */,
				7006D9E1A813DA938E602A71 /* Pods */,
				C27864BF5D385A7BDE030EC5 /* Frameworks */,
			);
			sourceTree = "<group>";
		};
		D82045CF1F7279FA00C6E306 /* Products */ = {
			isa = PBXGroup;
			children = (
				D82045CE1F7279FA00C6E306 /* YouguRead.app */,
				D82045E71F7279FA00C6E306 /* YouguReadTests.xctest */,
				D82045F21F7279FA00C6E306 /* YouguReadUITests.xctest */,
			);
			name = Products;
			sourceTree = "<group>";
		};
		D82045D01F7279FA00C6E306 /* YouguRead */ = {
			isa = PBXGroup;
			children = (
				D8D6A3861F73A17E003C098C /* Application */,
				D8DBB6921F734E130077DA8E /* Classes */,
				D8DBB6A21F734E130077DA8E /* Resource */,
				D8DBB6A31F734E130077DA8E /* Tool */,
				D8DBB6A41F734E130077DA8E /* Vendor */,
				D82045D11F7279FA00C6E306 /* Supporting Files */,
			);
			path = YouguRead;
			sourceTree = "<group>";
		};
		D82045D11F7279FA00C6E306 /* Supporting Files */ = {
			isa = PBXGroup;
			children = (
				D8DBB6AD1F737D480077DA8E /* YGPrefixHeader.pch */,
				D82045D21F7279FA00C6E306 /* main.m */,
				D82045E21F7279FA00C6E306 /* Info.plist */,
			);
			name = "Supporting Files";
			sourceTree = "<group>";
		};
		D82045EA1F7279FA00C6E306 /* YouguReadTests */ = {
			isa = PBXGroup;
			children = (
				D82045EB1F7279FA00C6E306 /* YouguReadTests.m */,
				D82045ED1F7279FA00C6E306 /* Info.plist */,
			);
			path = YouguReadTests;
			sourceTree = "<group>";
		};
		D82045F51F7279FA00C6E306 /* YouguReadUITests */ = {
			isa = PBXGroup;
			children = (
				D82045F61F7279FA00C6E306 /* YouguReadUITests.m */,
				D82045F81F7279FA00C6E306 /* Info.plist */,
			);
			path = YouguReadUITests;
			sourceTree = "<group>";
		};
		D8D6A3861F73A17E003C098C /* Application */ = {
			isa = PBXGroup;
			children = (
				D8D6A3871F73A17E003C098C /* AppDelegate.h */,
				D8D6A3881F73A17E003C098C /* AppDelegate.m */,
				D8D6A3891F73A17E003C098C /* Assets.xcassets */,
				D8D6A38A1F73A17E003C098C /* LaunchScreen.storyboard */,
				D8D6A38C1F73A17E003C098C /* Main.storyboard */,
			);
			path = Application;
			sourceTree = "<group>";
		};
		D8DBB6921F734E130077DA8E /* Classes */ = {
			isa = PBXGroup;
			children = (
				D8DBB6A61F737A0F0077DA8E /* Base */,
				D8DBB6931F734E130077DA8E /* BookShelf */,
				D8DBB6981F734E130077DA8E /* BookStore */,
				D8DBB69D1F734E130077DA8E /* Mine */,
			);
			path = Classes;
			sourceTree = "<group>";
		};
		D8DBB6931F734E130077DA8E /* BookShelf */ = {
			isa = PBXGroup;
			children = (
				D8DBB6941F734E130077DA8E /* Controller */,
				D8DBB6951F734E130077DA8E /* Model */,
				D8DBB6961F734E130077DA8E /* View */,
				D8DBB6971F734E130077DA8E /* ViewModel */,
			);
			path = BookShelf;
			sourceTree = "<group>";
		};
		D8DBB6941F734E130077DA8E /* Controller */ = {
			isa = PBXGroup;
			children = (
				D8D6A3761F738CD4003C098C /* YGBookShelfController.h */,
				D8D6A3771F738CD4003C098C /* YGBookShelfController.m */,
			);
			path = Controller;
			sourceTree = "<group>";
		};
		D8DBB6951F734E130077DA8E /* Model */ = {
			isa = PBXGroup;
			children = (
			);
			path = Model;
			sourceTree = "<group>";
		};
		D8DBB6961F734E130077DA8E /* View */ = {
			isa = PBXGroup;
			children = (
			);
			path = View;
			sourceTree = "<group>";
		};
		D8DBB6971F734E130077DA8E /* ViewModel */ = {
			isa = PBXGroup;
			children = (
			);
			path = ViewModel;
			sourceTree = "<group>";
		};
		D8DBB6981F734E130077DA8E /* BookStore */ = {
			isa = PBXGroup;
			children = (
				D8DBB6991F734E130077DA8E /* Controller */,
				D8DBB69A1F734E130077DA8E /* Model */,
				D8DBB69B1F734E130077DA8E /* View */,
				D8DBB69C1F734E130077DA8E /* ViewModel */,
			);
			path = BookStore;
			sourceTree = "<group>";
		};
		D8DBB6991F734E130077DA8E /* Controller */ = {
			isa = PBXGroup;
			children = (
				D8D6A3791F738CE9003C098C /* YGBookStoreController.h */,
				D8D6A37A1F738CE9003C098C /* YGBookStoreController.m */,
			);
			path = Controller;
			sourceTree = "<group>";
		};
		D8DBB69A1F734E130077DA8E /* Model */ = {
			isa = PBXGroup;
			children = (
			);
			path = Model;
			sourceTree = "<group>";
		};
		D8DBB69B1F734E130077DA8E /* View */ = {
			isa = PBXGroup;
			children = (
			);
			path = View;
			sourceTree = "<group>";
		};
		D8DBB69C1F734E130077DA8E /* ViewModel */ = {
			isa = PBXGroup;
			children = (
			);
			path = ViewModel;
			sourceTree = "<group>";
		};
		D8DBB69D1F734E130077DA8E /* Mine */ = {
			isa = PBXGroup;
			children = (
				D8DBB69E1F734E130077DA8E /* Controller */,
				D8DBB69F1F734E130077DA8E /* Model */,
				D8DBB6A01F734E130077DA8E /* View */,
				D8DBB6A11F734E130077DA8E /* ViewModel */,
			);
			path = Mine;
			sourceTree = "<group>";
		};
		D8DBB69E1F734E130077DA8E /* Controller */ = {
			isa = PBXGroup;
			children = (
				D8D6A37C1F738CFC003C098C /* YGMineController.h */,
				D8D6A37D1F738CFC003C098C /* YGMineController.m */,
			);
			path = Controller;
			sourceTree = "<group>";
		};
		D8DBB69F1F734E130077DA8E /* Model */ = {
			isa = PBXGroup;
			children = (
			);
			path = Model;
			sourceTree = "<group>";
		};
		D8DBB6A01F734E130077DA8E /* View */ = {
			isa = PBXGroup;
			children = (
			);
			path = View;
			sourceTree = "<group>";
		};
		D8DBB6A11F734E130077DA8E /* ViewModel */ = {
			isa = PBXGroup;
			children = (
			);
			path = ViewModel;
			sourceTree = "<group>";
		};
		D8DBB6A21F734E130077DA8E /* Resource */ = {
			isa = PBXGroup;
			children = (
			);
			path = Resource;
			sourceTree = "<group>";
		};
		D8DBB6A31F734E130077DA8E /* Tool */ = {
			isa = PBXGroup;
			children = (
			);
			path = Tool;
			sourceTree = "<group>";
		};
		D8DBB6A41F734E130077DA8E /* Vendor */ = {
			isa = PBXGroup;
			children = (
			);
			path = Vendor;
			sourceTree = "<group>";
		};
		D8DBB6A61F737A0F0077DA8E /* Base */ = {
			isa = PBXGroup;
			children = (
				D8D6A37F1F738D2D003C098C /* YGBaseViewController.h */,
				D8D6A3801F738D2D003C098C /* YGBaseViewController.m */,
				D8D6A3821F738E83003C098C /* YGBaseNavigationController.h */,
				D8D6A3831F738E83003C098C /* YGBaseNavigationController.m */,
				D8DBB6A71F737B4A0077DA8E /* YGTabBarController.h */,
				D8DBB6A81F737B4A0077DA8E /* YGTabBarController.m */,
				D8DBB6AA1F737CFB0077DA8E /* YGTabBarControllerConfig.h */,
				D8DBB6AB1F737CFB0077DA8E /* YGTabBarControllerConfig.m */,
			);
			path = Base;
			sourceTree = "<group>";
		};
/* End PBXGroup section */

/* Begin PBXNativeTarget section */
		D82045CD1F7279FA00C6E306 /* YouguRead */ = {
			isa = PBXNativeTarget;
			buildConfigurationList = D82045FB1F7279FA00C6E306 /* Build configuration list for PBXNativeTarget "YouguRead" */;
			buildPhases = (
				7F55F92D209594241FD3497A /* [CP] Check Pods Manifest.lock */,
				D82045CA1F7279FA00C6E306 /* Sources */,
				D82045CB1F7279FA00C6E306 /* Frameworks */,
				D82045CC1F7279FA00C6E306 /* Resources */,
				0290A40806A3EEA932EDD8AD /* [CP] Embed Pods Frameworks */,
				7A0F9F7841A99D79DEA2C956 /* [CP] Copy Pods Resources */,
			);
			buildRules = (
			);
			dependencies = (
			);
			name = YouguRead;
			productName = YouguRead;
			productReference = D82045CE1F7279FA00C6E306 /* YouguRead.app */;
			productType = "com.apple.product-type.application";
		};
		D82045E61F7279FA00C6E306 /* YouguReadTests */ = {
			isa = PBXNativeTarget;
			buildConfigurationList = D82045FE1F7279FA00C6E306 /* Build configuration list for PBXNativeTarget "YouguReadTests" */;
			buildPhases = (
				D82045E31F7279FA00C6E306 /* Sources */,
				D82045E41F7279FA00C6E306 /* Frameworks */,
				D82045E51F7279FA00C6E306 /* Resources */,
			);
			buildRules = (
			);
			dependencies = (
				D82045E91F7279FA00C6E306 /* PBXTargetDependency */,
			);
			name = YouguReadTests;
			productName = YouguReadTests;
			productReference = D82045E71F7279FA00C6E306 /* YouguReadTests.xctest */;
			productType = "com.apple.product-type.bundle.unit-test";
		};
		D82045F11F7279FA00C6E306 /* YouguReadUITests */ = {
			isa = PBXNativeTarget;
			buildConfigurationList = D82046011F7279FA00C6E306 /* Build configuration list for PBXNativeTarget "YouguReadUITests" */;
			buildPhases = (
				D82045EE1F7279FA00C6E306 /* Sources */,
				D82045EF1F7279FA00C6E306 /* Frameworks */,
				D82045F01F7279FA00C6E306 /* Resources */,
			);
			buildRules = (
			);
			dependencies = (
				D82045F41F7279FA00C6E306 /* PBXTargetDependency */,
			);
			name = YouguReadUITests;
			productName = YouguReadUITests;
			productReference = D82045F21F7279FA00C6E306 /* YouguReadUITests.xctest */;
			productType = "com.apple.product-type.bundle.ui-testing";
		};
/* End PBXNativeTarget section */

/* Begin PBXProject section */
		D82045C61F7279FA00C6E306 /* Project object */ = {
			isa = PBXProject;
			attributes = {
				CLASSPREFIX = YG;
				LastUpgradeCheck = 0830;
				ORGANIZATIONNAME = YG;
				TargetAttributes = {
					D82045CD1F7279FA00C6E306 = {
						CreatedOnToolsVersion = 8.3.3;
						DevelopmentTeam = U9RQC3AJ9J;
						ProvisioningStyle = Automatic;
					};
					D82045E61F7279FA00C6E306 = {
						CreatedOnToolsVersion = 8.3.3;
						DevelopmentTeam = U9RQC3AJ9J;
						ProvisioningStyle = Automatic;
						TestTargetID = D82045CD1F7279FA00C6E306;
					};
					D82045F11F7279FA00C6E306 = {
						CreatedOnToolsVersion = 8.3.3;
						DevelopmentTeam = U9RQC3AJ9J;
						ProvisioningStyle = Automatic;
						TestTargetID = D82045CD1F7279FA00C6E306;
					};
				};
			};
			buildConfigurationList = D82045C91F7279FA00C6E306 /* Build configuration list for PBXProject "YouguRead" */;
			compatibilityVersion = "Xcode 3.2";
			developmentRegion = English;
			hasScannedForEncodings = 0;
			knownRegions = (
				en,
				Base,
			);
			mainGroup = D82045C51F7279FA00C6E306;
			productRefGroup = D82045CF1F7279FA00C6E306 /* Products */;
			projectDirPath = "";
			projectRoot = "";
			targets = (
				D82045CD1F7279FA00C6E306 /* YouguRead */,
				D82045E61F7279FA00C6E306 /* YouguReadTests */,
				D82045F11F7279FA00C6E306 /* YouguReadUITests */,
			);
		};
/* End PBXProject section */

/* Begin PBXResourcesBuildPhase section */
		D82045CC1F7279FA00C6E306 /* Resources */ = {
			isa = PBXResourcesBuildPhase;
			buildActionMask = 2147483647;
			files = (
				D8D6A3911F73A17E003C098C /* Main.storyboard in Resources */,
				D8D6A38F1F73A17E003C098C /* Assets.xcassets in Resources */,
				D8D6A3901F73A17E003C098C /* LaunchScreen.storyboard in Resources */,
			);
			runOnlyForDeploymentPostprocessing = 0;
		};
		D82045E51F7279FA00C6E306 /* Resources */ = {
			isa = PBXResourcesBuildPhase;
			buildActionMask = 2147483647;
			files = (
			);
			runOnlyForDeploymentPostprocessing = 0;
		};
		D82045F01F7279FA00C6E306 /* Resources */ = {
			isa = PBXResourcesBuildPhase;
			buildActionMask = 2147483647;
			files = (
			);
			runOnlyForDeploymentPostprocessing = 0;
		};
/* End PBXResourcesBuildPhase section */

/* Begin PBXShellScriptBuildPhase section */
		0290A40806A3EEA932EDD8AD /* [CP] Embed Pods Frameworks */ = {
			isa = PBXShellScriptBuildPhase;
			buildActionMask = 2147483647;
			files = (
			);
			inputPaths = (
			);
			name = "[CP] Embed Pods Frameworks";
			outputPaths = (
			);
			runOnlyForDeploymentPostprocessing = 0;
			shellPath = /bin/sh;
			shellScript = "\"${SRCROOT}/Pods/Target Support Files/Pods-YouguRead/Pods-YouguRead-frameworks.sh\"\n";
			showEnvVarsInLog = 0;
		};
		7A0F9F7841A99D79DEA2C956 /* [CP] Copy Pods Resources */ = {
			isa = PBXShellScriptBuildPhase;
			buildActionMask = 2147483647;
			files = (
			);
			inputPaths = (
				"${SRCROOT}/Pods/Target Support Files/Pods-YouguRead/Pods-YouguRead-resources.sh",
				"${PODS_ROOT}/IQKeyboardManager/IQKeyboardManager/Resources/IQKeyboardManager.bundle",
				"${PODS_ROOT}/LBXScan/LBXScan/UI/CodeScan.bundle",
				"${PODS_ROOT}/MJRefresh/MJRefresh/MJRefresh.bundle",
				"${PODS_ROOT}/PYSearch/PYSearch/PYSearch.bundle",
			);
			name = "[CP] Copy Pods Resources";
			outputPaths = (
				"${TARGET_BUILD_DIR}/${UNLOCALIZED_RESOURCES_FOLDER_PATH}",
			);
			runOnlyForDeploymentPostprocessing = 0;
			shellPath = /bin/sh;
			shellScript = "\"${SRCROOT}/Pods/Target Support Files/Pods-YouguRead/Pods-YouguRead-resources.sh\"\n";
			showEnvVarsInLog = 0;
		};
		7F55F92D209594241FD3497A /* [CP] Check Pods Manifest.lock */ = {
			isa = PBXShellScriptBuildPhase;
			buildActionMask = 2147483647;
			files = (
			);
			inputPaths = (
				"${PODS_PODFILE_DIR_PATH}/Podfile.lock",
				"${PODS_ROOT}/Manifest.lock",
			);
			name = "[CP] Check Pods Manifest.lock";
			outputPaths = (
				"$(DERIVED_FILE_DIR)/Pods-YouguRead-checkManifestLockResult.txt",
			);
			runOnlyForDeploymentPostprocessing = 0;
			shellPath = /bin/sh;
			shellScript = "diff \"${PODS_PODFILE_DIR_PATH}/Podfile.lock\" \"${PODS_ROOT}/Manifest.lock\" > /dev/null\nif [ $? != 0 ] ; then\n    # print error to STDERR\n    echo \"error: The sandbox is not in sync with the Podfile.lock. Run 'pod install' or update your CocoaPods installation.\" >&2\n    exit 1\nfi\n# This output is used by Xcode 'outputs' to avoid re-running this script phase.\necho \"SUCCESS\" > \"${SCRIPT_OUTPUT_FILE_0}\"\n";
			showEnvVarsInLog = 0;
		};
/* End PBXShellScriptBuildPhase section */

/* Begin PBXSourcesBuildPhase section */
		D82045CA1F7279FA00C6E306 /* Sources */ = {
			isa = PBXSourcesBuildPhase;
			buildActionMask = 2147483647;
			files = (
				D8D6A3781F738CD4003C098C /* YGBookShelfController.m in Sources */,
				D8D6A37E1F738CFC003C098C /* YGMineController.m in Sources */,
				D8D6A38E1F73A17E003C098C /* AppDelegate.m in Sources */,
				D8D6A3811F738D2D003C098C /* YGBaseViewController.m in Sources */,
				D8DBB6A91F737B4A0077DA8E /* YGTabBarController.m in Sources */,
				D82045D31F7279FA00C6E306 /* main.m in Sources */,
				D8D6A3841F738E83003C098C /* YGBaseNavigationController.m in Sources */,
				D8D6A37B1F738CE9003C098C /* YGBookStoreController.m in Sources */,
				D8DBB6AC1F737CFB0077DA8E /* YGTabBarControllerConfig.m in Sources */,
			);
			runOnlyForDeploymentPostprocessing = 0;
		};
		D82045E31F7279FA00C6E306 /* Sources */ = {
			isa = PBXSourcesBuildPhase;
			buildActionMask = 2147483647;
			files = (
				D82045EC1F7279FA00C6E306 /* YouguReadTests.m in Sources */,
			);
			runOnlyForDeploymentPostprocessing = 0;
		};
		D82045EE1F7279FA00C6E306 /* Sources */ = {
			isa = PBXSourcesBuildPhase;
			buildActionMask = 2147483647;
			files = (
				D82045F71F7279FA00C6E306 /* YouguReadUITests.m in Sources */,
			);
			runOnlyForDeploymentPostprocessing = 0;
		};
/* End PBXSourcesBuildPhase section */

/* Begin PBXTargetDependency section */
		D82045E91F7279FA00C6E306 /* PBXTargetDependency */ = {
			isa = PBXTargetDependency;
			target = D82045CD1F7279FA00C6E306 /* YouguRead */;
			targetProxy = D82045E81F7279FA00C6E306 /* PBXContainerItemProxy */;
		};
		D82045F41F7279FA00C6E306 /* PBXTargetDependency */ = {
			isa = PBXTargetDependency;
			target = D82045CD1F7279FA00C6E306 /* YouguRead */;
			targetProxy = D82045F31F7279FA00C6E306 /* PBXContainerItemProxy */;
		};
/* End PBXTargetDependency section */

/* Begin PBXVariantGroup section */
		D8D6A38A1F73A17E003C098C /* LaunchScreen.storyboard */ = {
			isa = PBXVariantGroup;
			children = (
				D8D6A38B1F73A17E003C098C /* Base */,
			);
			name = LaunchScreen.storyboard;
			sourceTree = "<group>";
		};
		D8D6A38C1F73A17E003C098C /* Main.storyboard */ = {
			isa = PBXVariantGroup;
			children = (
				D8D6A38D1F73A17E003C098C /* Base */,
			);
			name = Main.storyboard;
			sourceTree = "<group>";
		};
/* End PBXVariantGroup section */

/* Begin XCBuildConfiguration section */
		D82045F91F7279FA00C6E306 /* Debug */ = {
			isa = XCBuildConfiguration;
			buildSettings = {
				ALWAYS_SEARCH_USER_PATHS = NO;
				CLANG_ANALYZER_NONNULL = YES;
				CLANG_ANALYZER_NUMBER_OBJECT_CONVERSION = YES_AGGRESSIVE;
				CLANG_CXX_LANGUAGE_STANDARD = "gnu++0x";
				CLANG_CXX_LIBRARY = "libc++";
				CLANG_ENABLE_MODULES = YES;
				CLANG_ENABLE_OBJC_ARC = YES;
				CLANG_WARN_BOOL_CONVERSION = YES;
				CLANG_WARN_CONSTANT_CONVERSION = YES;
				CLANG_WARN_DIRECT_OBJC_ISA_USAGE = YES_ERROR;
				CLANG_WARN_DOCUMENTATION_COMMENTS = YES;
				CLANG_WARN_EMPTY_BODY = YES;
				CLANG_WARN_ENUM_CONVERSION = YES;
				CLANG_WARN_INFINITE_RECURSION = YES;
				CLANG_WARN_INT_CONVERSION = YES;
				CLANG_WARN_OBJC_ROOT_CLASS = YES_ERROR;
				CLANG_WARN_SUSPICIOUS_MOVE = YES;
				CLANG_WARN_UNREACHABLE_CODE = YES;
				CLANG_WARN__DUPLICATE_METHOD_MATCH = YES;
				"CODE_SIGN_IDENTITY[sdk=iphoneos*]" = "iPhone Developer";
				COPY_PHASE_STRIP = NO;
				DEBUG_INFORMATION_FORMAT = dwarf;
				ENABLE_STRICT_OBJC_MSGSEND = YES;
				ENABLE_TESTABILITY = YES;
				GCC_C_LANGUAGE_STANDARD = gnu99;
				GCC_DYNAMIC_NO_PIC = NO;
				GCC_NO_COMMON_BLOCKS = YES;
				GCC_OPTIMIZATION_LEVEL = 0;
				GCC_PREPROCESSOR_DEFINITIONS = (
					"DEBUG=1",
					"$(inherited)",
				);
				GCC_WARN_64_TO_32_BIT_CONVERSION = YES;
				GCC_WARN_ABOUT_RETURN_TYPE = YES_ERROR;
				GCC_WARN_UNDECLARED_SELECTOR = YES;
				GCC_WARN_UNINITIALIZED_AUTOS = YES_AGGRESSIVE;
				GCC_WARN_UNUSED_FUNCTION = YES;
				GCC_WARN_UNUSED_VARIABLE = YES;
				IPHONEOS_DEPLOYMENT_TARGET = 8.0;
				MTL_ENABLE_DEBUG_INFO = YES;
				ONLY_ACTIVE_ARCH = YES;
				SDKROOT = iphoneos;
				TARGETED_DEVICE_FAMILY = "1,2";
			};
			name = Debug;
		};
		D82045FA1F7279FA00C6E306 /* Release */ = {
			isa = XCBuildConfiguration;
			buildSettings = {
				ALWAYS_SEARCH_USER_PATHS = NO;
				CLANG_ANALYZER_NONNULL = YES;
				CLANG_ANALYZER_NUMBER_OBJECT_CONVERSION = YES_AGGRESSIVE;
				CLANG_CXX_LANGUAGE_STANDARD = "gnu++0x";
				CLANG_CXX_LIBRARY = "libc++";
				CLANG_ENABLE_MODULES = YES;
				CLANG_ENABLE_OBJC_ARC = YES;
				CLANG_WARN_BOOL_CONVERSION = YES;
				CLANG_WARN_CONSTANT_CONVERSION = YES;
				CLANG_WARN_DIRECT_OBJC_ISA_USAGE = YES_ERROR;
				CLANG_WARN_DOCUMENTATION_COMMENTS = YES;
				CLANG_WARN_EMPTY_BODY = YES;
				CLANG_WARN_ENUM_CONVERSION = YES;
				CLANG_WARN_INFINITE_RECURSION = YES;
				CLANG_WARN_INT_CONVERSION = YES;
				CLANG_WARN_OBJC_ROOT_CLASS = YES_ERROR;
				CLANG_WARN_SUSPICIOUS_MOVE = YES;
				CLANG_WARN_UNREACHABLE_CODE = YES;
				CLANG_WARN__DUPLICATE_METHOD_MATCH = YES;
				"CODE_SIGN_IDENTITY[sdk=iphoneos*]" = "iPhone Developer";
				COPY_PHASE_STRIP = NO;
				DEBUG_INFORMATION_FORMAT = "dwarf-with-dsym";
				ENABLE_NS_ASSERTIONS = NO;
				ENABLE_STRICT_OBJC_MSGSEND = YES;
				GCC_C_LANGUAGE_STANDARD = gnu99;
				GCC_NO_COMMON_BLOCKS = YES;
				GCC_WARN_64_TO_32_BIT_CONVERSION = YES;
				GCC_WARN_ABOUT_RETURN_TYPE = YES_ERROR;
				GCC_WARN_UNDECLARED_SELECTOR = YES;
				GCC_WARN_UNINITIALIZED_AUTOS = YES_AGGRESSIVE;
				GCC_WARN_UNUSED_FUNCTION = YES;
				GCC_WARN_UNUSED_VARIABLE = YES;
				IPHONEOS_DEPLOYMENT_TARGET = 8.0;
				MTL_ENABLE_DEBUG_INFO = NO;
				SDKROOT = iphoneos;
				TARGETED_DEVICE_FAMILY = "1,2";
				VALIDATE_PRODUCT = YES;
			};
			name = Release;
		};
		D82045FC1F7279FA00C6E306 /* Debug */ = {
			isa = XCBuildConfiguration;
			baseConfigurationReference = E0BD09EFF6DC7E589CC25F39 /* Pods-YouguRead.debug.xcconfig */;
			buildSettings = {
				ASSETCATALOG_COMPILER_APPICON_NAME = AppIcon;
				DEVELOPMENT_TEAM = U9RQC3AJ9J;
				GCC_PREFIX_HEADER = "$(SRCROOT)/YouguRead/YGPrefixHeader.pch";
				INFOPLIST_FILE = YouguRead/Info.plist;
				IPHONEOS_DEPLOYMENT_TARGET = 8.0;
				LD_RUNPATH_SEARCH_PATHS = "$(inherited) @executable_path/Frameworks";
				PRODUCT_BUNDLE_IDENTIFIER = YG.YouguRead;
				PRODUCT_NAME = "$(TARGET_NAME)";
				TARGETED_DEVICE_FAMILY = 1;
			};
			name = Debug;
		};
		D82045FD1F7279FA00C6E306 /* Release */ = {
			isa = XCBuildConfiguration;
			baseConfigurationReference = 6E46F23C5FFA83C23D1CD9D9 /* Pods-YouguRead.release.xcconfig */;
			buildSettings = {
				ASSETCATALOG_COMPILER_APPICON_NAME = AppIcon;
				DEVELOPMENT_TEAM = U9RQC3AJ9J;
				GCC_PREFIX_HEADER = "$(SRCROOT)/YouguRead/YGPrefixHeader.pch";
				INFOPLIST_FILE = YouguRead/Info.plist;
				IPHONEOS_DEPLOYMENT_TARGET = 8.0;
				LD_RUNPATH_SEARCH_PATHS = "$(inherited) @executable_path/Frameworks";
				PRODUCT_BUNDLE_IDENTIFIER = YG.YouguRead;
				PRODUCT_NAME = "$(TARGET_NAME)";
				TARGETED_DEVICE_FAMILY = 1;
			};
			name = Release;
		};
		D82045FF1F7279FA00C6E306 /* Debug */ = {
			isa = XCBuildConfiguration;
			buildSettings = {
				BUNDLE_LOADER = "$(TEST_HOST)";
				DEVELOPMENT_TEAM = U9RQC3AJ9J;
				INFOPLIST_FILE = YouguReadTests/Info.plist;
				LD_RUNPATH_SEARCH_PATHS = "$(inherited) @executable_path/Frameworks @loader_path/Frameworks";
				PRODUCT_BUNDLE_IDENTIFIER = YG.YouguReadTests;
				PRODUCT_NAME = "$(TARGET_NAME)";
				TEST_HOST = "$(BUILT_PRODUCTS_DIR)/YouguRead.app/YouguRead";
			};
			name = Debug;
		};
		D82046001F7279FA00C6E306 /* Release */ = {
			isa = XCBuildConfiguration;
			buildSettings = {
				BUNDLE_LOADER = "$(TEST_HOST)";
				DEVELOPMENT_TEAM = U9RQC3AJ9J;
				INFOPLIST_FILE = YouguReadTests/Info.plist;
				LD_RUNPATH_SEARCH_PATHS = "$(inherited) @executable_path/Frameworks @loader_path/Frameworks";
				PRODUCT_BUNDLE_IDENTIFIER = YG.YouguReadTests;
				PRODUCT_NAME = "$(TARGET_NAME)";
				TEST_HOST = "$(BUILT_PRODUCTS_DIR)/YouguRead.app/YouguRead";
			};
			name = Release;
		};
		D82046021F7279FA00C6E306 /* Debug */ = {
			isa = XCBuildConfiguration;
			buildSettings = {
				DEVELOPMENT_TEAM = U9RQC3AJ9J;
				INFOPLIST_FILE = YouguReadUITests/Info.plist;
				LD_RUNPATH_SEARCH_PATHS = "$(inherited) @executable_path/Frameworks @loader_path/Frameworks";
				PRODUCT_BUNDLE_IDENTIFIER = YG.YouguReadUITests;
				PRODUCT_NAME = "$(TARGET_NAME)";
				TEST_TARGET_NAME = YouguRead;
			};
			name = Debug;
		};
		D82046031F7279FA00C6E306 /* Release */ = {
			isa = XCBuildConfiguration;
			buildSettings = {
				DEVELOPMENT_TEAM = U9RQC3AJ9J;
				INFOPLIST_FILE = YouguReadUITests/Info.plist;
				LD_RUNPATH_SEARCH_PATHS = "$(inherited) @executable_path/Frameworks @loader_path/Frameworks";
				PRODUCT_BUNDLE_IDENTIFIER = YG.YouguReadUITests;
				PRODUCT_NAME = "$(TARGET_NAME)";
				TEST_TARGET_NAME = YouguRead;
			};
			name = Release;
		};
/* End XCBuildConfiguration section */

/* Begin XCConfigurationList section */
		D82045C91F7279FA00C6E306 /* Build configuration list for PBXProject "YouguRead" */ = {
			isa = XCConfigurationList;
			buildConfigurations = (
				D82045F91F7279FA00C6E306 /* Debug */,
				D82045FA1F7279FA00C6E306 /* Release */,
			);
			defaultConfigurationIsVisible = 0;
			defaultConfigurationName = Release;
		};
		D82045FB1F7279FA00C6E306 /* Build configuration list for PBXNativeTarget "YouguRead" */ = {
			isa = XCConfigurationList;
			buildConfigurations = (
				D82045FC1F7279FA00C6E306 /* Debug */,
				D82045FD1F7279FA00C6E306 /* Release */,
			);
			defaultConfigurationIsVisible = 0;
			defaultConfigurationName = Release;
		};
		D82045FE1F7279FA00C6E306 /* Build configuration list for PBXNativeTarget "YouguReadTests" */ = {
			isa = XCConfigurationList;
			buildConfigurations = (
				D82045FF1F7279FA00C6E306 /* Debug */,
				D82046001F7279FA00C6E306 /* Release */,
			);
			defaultConfigurationIsVisible = 0;
			defaultConfigurationName = Release;
		};
		D82046011F7279FA00C6E306 /* Build configuration list for PBXNativeTarget "YouguReadUITests" */ = {
			isa = XCConfigurationList;
			buildConfigurations = (
				D82046021F7279FA00C6E306 /* Debug */,
				D82046031F7279FA00C6E306 /* Release */,
			);
			defaultConfigurationIsVisible = 0;
			defaultConfigurationName = Release;
		};
/* End XCConfigurationList section */
	};
	rootObject = D82045C61F7279FA00C6E306 /* Project object */;
}
